
Microsoft Visual Studio Solution File, Format Version 12.00
# Visual Studio Version 16
VisualStudioVersion = 16.0.31229.75
MinimumVisualStudioVersion = 10.0.40219.1
Project("{FAE04EC0-301F-11D3-BF4B-00C04F79EFBC}") = "Pustok", "Pustok\Pustok.csproj", "{EB73DB6F-E6C4-43EA-85B4-2685E07D2DEE}"
EndProject
Global
	GlobalSection(SolutionConfigurationPlatforms) = preSolution
		Debug|Any CPU = Debug|Any CPU
		Release|Any CPU = Release|Any CPU
	EndGlobalSection
	GlobalSection(ProjectConfigurationPlatforms) = postSolution
		{EB73DB6F-E6C4-43EA-85B4-2685E07D2DEE}.Debug|Any CPU.ActiveCfg = Debug|Any CPU
		{EB73DB6F-E6C4-43EA-85B4-2685E07D2DEE}.Debug|Any CPU.Build.0 = Debug|Any CPU
		{EB73DB6F-E6C4-43EA-85B4-2685E07D2DEE}.Release|Any CPU.ActiveCfg = Release|Any CPU
		{EB73DB6F-E6C4-43EA-85B4-2685E07D2DEE}.Release|Any CPU.Build.0 = Release|Any CPU
	EndGlobalSection
	GlobalSection(SolutionProperties) = preSolution
		HideSolutionNode = FALSE
	EndGlobalSection
	GlobalSection(ExtensibilityGlobals) = postSolution
		SolutionGuid = {9D1410D0-1769-4B08-8DA1-A0E29AE789FB}
	EndGlobalSection
EndGlobal
